// !$*UTF8*$!
{
	archiveVersion = 1;
	classes = {
	};
	objectVersion = 48;
	objects = {

/* Begin PBXBuildFile section */
		952C40062054528B0055CE78 /* ConversationViewController.swift in Sources */ = {isa = PBXBuildFile; fileRef = 952C40052054528B0055CE78 /* ConversationViewController.swift */; };
		952C4008205453C30055CE78 /* MessageCellView.swift in Sources */ = {isa = PBXBuildFile; fileRef = 952C4007205453C30055CE78 /* MessageCellView.swift */; };
		952DA21E206C47E4004486A9 /* DataManagerProtocol.swift in Sources */ = {isa = PBXBuildFile; fileRef = 952DA21D206C47E4004486A9 /* DataManagerProtocol.swift */; };
		95878B8C206951BD008D8983 /* GCDDataManager.swift in Sources */ = {isa = PBXBuildFile; fileRef = 95878B8B206951BD008D8983 /* GCDDataManager.swift */; };
		95ABED1C2053EC0100F3E7E5 /* ConversationsListViewController.swift in Sources */ = {isa = PBXBuildFile; fileRef = 95ABED1B2053EC0100F3E7E5 /* ConversationsListViewController.swift */; };
		95ABED1E2053F1C000F3E7E5 /* ConversationCellView.swift in Sources */ = {isa = PBXBuildFile; fileRef = 95ABED1D2053F1C000F3E7E5 /* ConversationCellView.swift */; };
		95ABF0CC205D867A00AFD10C /* ThemesViewController.m in Sources */ = {isa = PBXBuildFile; fileRef = 95ABF0CB205D867A00AFD10C /* ThemesViewController.m */; };
		95B8C9282065656100C1840B /* Themes.m in Sources */ = {isa = PBXBuildFile; fileRef = 95B8C9272065656100C1840B /* Themes.m */; };
		95B8C930206575A600C1840B /* ThemesViewController.swift in Sources */ = {isa = PBXBuildFile; fileRef = 95B8C92F206575A600C1840B /* ThemesViewController.swift */; };
		95B8C932206575D000C1840B /* ThemesSwift.swift in Sources */ = {isa = PBXBuildFile; fileRef = 95B8C931206575CF00C1840B /* ThemesSwift.swift */; };
		95C133F92044164400FAB707 /* AppDelegate.swift in Sources */ = {isa = PBXBuildFile; fileRef = 95C133F82044164400FAB707 /* AppDelegate.swift */; };
		95C133FB2044164400FAB707 /* ProfileViewController.swift in Sources */ = {isa = PBXBuildFile; fileRef = 95C133FA2044164400FAB707 /* ProfileViewController.swift */; };
		95C133FE2044164400FAB707 /* Main.storyboard in Resources */ = {isa = PBXBuildFile; fileRef = 95C133FC2044164400FAB707 /* Main.storyboard */; };
		95C134002044164400FAB707 /* Assets.xcassets in Resources */ = {isa = PBXBuildFile; fileRef = 95C133FF2044164400FAB707 /* Assets.xcassets */; };
		95C134032044164400FAB707 /* LaunchScreen.storyboard in Resources */ = {isa = PBXBuildFile; fileRef = 95C134012044164400FAB707 /* LaunchScreen.storyboard */; };
		95D8E246206D4F0A00986C4F /* OperationDataManager.swift in Sources */ = {isa = PBXBuildFile; fileRef = 95D8E245206D4F0A00986C4F /* OperationDataManager.swift */; };
		95D8E248206D55DD00986C4F /* AsyncOperation.swift in Sources */ = {isa = PBXBuildFile; fileRef = 95D8E247206D55DD00986C4F /* AsyncOperation.swift */; };
		95F3261420567F9B0009FD9F /* MessageShapeView.swift in Sources */ = {isa = PBXBuildFile; fileRef = 95F3261320567F9B0009FD9F /* MessageShapeView.swift */; };
/* End PBXBuildFile section */

/* Begin PBXFileReference section */
		952C40052054528B0055CE78 /* ConversationViewController.swift */ = {isa = PBXFileReference; lastKnownFileType = sourcecode.swift; path = ConversationViewController.swift; sourceTree = "<group>"; };
		952C4007205453C30055CE78 /* MessageCellView.swift */ = {isa = PBXFileReference; lastKnownFileType = sourcecode.swift; path = MessageCellView.swift; sourceTree = "<group>"; };
		952DA21D206C47E4004486A9 /* DataManagerProtocol.swift */ = {isa = PBXFileReference; lastKnownFileType = sourcecode.swift; path = DataManagerProtocol.swift; sourceTree = "<group>"; };
		957CC57120650CB3003E9D15 /* Themes.h */ = {isa = PBXFileReference; lastKnownFileType = sourcecode.c.h; path = Themes.h; sourceTree = "<group>"; };
		957CC5722065101C003E9D15 /* ThemesViewControllerDelegate.h */ = {isa = PBXFileReference; lastKnownFileType = sourcecode.c.h; path = ThemesViewControllerDelegate.h; sourceTree = "<group>"; };
		95878B8B206951BD008D8983 /* GCDDataManager.swift */ = {isa = PBXFileReference; lastKnownFileType = sourcecode.swift; path = GCDDataManager.swift; sourceTree = "<group>"; };
		95ABED1B2053EC0100F3E7E5 /* ConversationsListViewController.swift */ = {isa = PBXFileReference; lastKnownFileType = sourcecode.swift; path = ConversationsListViewController.swift; sourceTree = "<group>"; };
		95ABED1D2053F1C000F3E7E5 /* ConversationCellView.swift */ = {isa = PBXFileReference; lastKnownFileType = sourcecode.swift; path = ConversationCellView.swift; sourceTree = "<group>"; };
		95ABF0C9205D867900AFD10C /* TinkoffChat-Bridging-Header.h */ = {isa = PBXFileReference; lastKnownFileType = sourcecode.c.h; path = "TinkoffChat-Bridging-Header.h"; sourceTree = "<group>"; };
		95ABF0CA205D867A00AFD10C /* ThemesViewController.h */ = {isa = PBXFileReference; lastKnownFileType = sourcecode.c.h; path = ThemesViewController.h; sourceTree = "<group>"; };
		95ABF0CB205D867A00AFD10C /* ThemesViewController.m */ = {isa = PBXFileReference; lastKnownFileType = sourcecode.c.objc; path = ThemesViewController.m; sourceTree = "<group>"; };
		95B8C9272065656100C1840B /* Themes.m */ = {isa = PBXFileReference; lastKnownFileType = sourcecode.c.objc; path = Themes.m; sourceTree = "<group>"; };
		95B8C92F206575A600C1840B /* ThemesViewController.swift */ = {isa = PBXFileReference; lastKnownFileType = sourcecode.swift; path = ThemesViewController.swift; sourceTree = "<group>"; };
		95B8C931206575CF00C1840B /* ThemesSwift.swift */ = {isa = PBXFileReference; lastKnownFileType = sourcecode.swift; path = ThemesSwift.swift; sourceTree = "<group>"; };
		95C133F52044164400FAB707 /* TinkoffChat.app */ = {isa = PBXFileReference; explicitFileType = wrapper.application; includeInIndex = 0; path = TinkoffChat.app; sourceTree = BUILT_PRODUCTS_DIR; };
		95C133F82044164400FAB707 /* AppDelegate.swift */ = {isa = PBXFileReference; lastKnownFileType = sourcecode.swift; path = AppDelegate.swift; sourceTree = "<group>"; };
		95C133FA2044164400FAB707 /* ProfileViewController.swift */ = {isa = PBXFileReference; lastKnownFileType = sourcecode.swift; path = ProfileViewController.swift; sourceTree = "<group>"; };
		95C133FD2044164400FAB707 /* Base */ = {isa = PBXFileReference; lastKnownFileType = file.storyboard; name = Base; path = Base.lproj/Main.storyboard; sourceTree = "<group>"; };
		95C133FF2044164400FAB707 /* Assets.xcassets */ = {isa = PBXFileReference; lastKnownFileType = folder.assetcatalog; path = Assets.xcassets; sourceTree = "<group>"; };
		95C134022044164400FAB707 /* Base */ = {isa = PBXFileReference; lastKnownFileType = file.storyboard; name = Base; path = Base.lproj/LaunchScreen.storyboard; sourceTree = "<group>"; };
		95C134042044164400FAB707 /* Info.plist */ = {isa = PBXFileReference; lastKnownFileType = text.plist.xml; path = Info.plist; sourceTree = "<group>"; };
		95D8E245206D4F0A00986C4F /* OperationDataManager.swift */ = {isa = PBXFileReference; lastKnownFileType = sourcecode.swift; path = OperationDataManager.swift; sourceTree = "<group>"; };
		95D8E247206D55DD00986C4F /* AsyncOperation.swift */ = {isa = PBXFileReference; lastKnownFileType = sourcecode.swift; path = AsyncOperation.swift; sourceTree = "<group>"; };
		95F3261320567F9B0009FD9F /* MessageShapeView.swift */ = {isa = PBXFileReference; lastKnownFileType = sourcecode.swift; path = MessageShapeView.swift; sourceTree = "<group>"; };
/* End PBXFileReference section */

/* Begin PBXFrameworksBuildPhase section */
		95C133F22044164400FAB707 /* Frameworks */ = {
			isa = PBXFrameworksBuildPhase;
			buildActionMask = 2147483647;
			files = (
			);
			runOnlyForDeploymentPostprocessing = 0;
		};
/* End PBXFrameworksBuildPhase section */

/* Begin PBXGroup section */
		95B8C92D2065750900C1840B /* CellView */ = {
			isa = PBXGroup;
			children = (
				95F3261320567F9B0009FD9F /* MessageShapeView.swift */,
				952C4007205453C30055CE78 /* MessageCellView.swift */,
				95ABED1D2053F1C000F3E7E5 /* ConversationCellView.swift */,
			);
			path = CellView;
			sourceTree = "<group>";
		};
		95B8C93320659E5000C1840B /* Themes */ = {
			isa = PBXGroup;
			children = (
				95C926562066825A00A044E3 /* objective-c */,
				95B8C931206575CF00C1840B /* ThemesSwift.swift */,
				95B8C92F206575A600C1840B /* ThemesViewController.swift */,
			);
			path = Themes;
			sourceTree = "<group>";
		};
		95B8C93420659E7300C1840B /* Conversation */ = {
			isa = PBXGroup;
			children = (
				952C40052054528B0055CE78 /* ConversationViewController.swift */,
				95B8C92D2065750900C1840B /* CellView */,
			);
			path = Conversation;
			sourceTree = "<group>";
		};
		95B8C93520659EA200C1840B /* Profile */ = {
			isa = PBXGroup;
			children = (
				95C133FA2044164400FAB707 /* ProfileViewController.swift */,
				95878B8B206951BD008D8983 /* GCDDataManager.swift */,
				95D8E245206D4F0A00986C4F /* OperationDataManager.swift */,
				95D8E247206D55DD00986C4F /* AsyncOperation.swift */,
				952DA21D206C47E4004486A9 /* DataManagerProtocol.swift */,
			);
			path = Profile;
			sourceTree = "<group>";
		};
		95C133EC2044164400FAB707 = {
			isa = PBXGroup;
			children = (
				95C133F72044164400FAB707 /* TinkoffChat */,
				95C133F62044164400FAB707 /* Products */,
				95ABF0C9205D867900AFD10C /* TinkoffChat-Bridging-Header.h */,
			);
			sourceTree = "<group>";
		};
		95C133F62044164400FAB707 /* Products */ = {
			isa = PBXGroup;
			children = (
				95C133F52044164400FAB707 /* TinkoffChat.app */,
			);
			name = Products;
			sourceTree = "<group>";
		};
		95C133F72044164400FAB707 /* TinkoffChat */ = {
			isa = PBXGroup;
			children = (
				95C926572066828B00A044E3 /* ConversationsList */,
				95B8C93420659E7300C1840B /* Conversation */,
				95B8C93520659EA200C1840B /* Profile */,
				95B8C93320659E5000C1840B /* Themes */,
				95C133F82044164400FAB707 /* AppDelegate.swift */,
				95C133FC2044164400FAB707 /* Main.storyboard */,
				95C133FF2044164400FAB707 /* Assets.xcassets */,
				95C134012044164400FAB707 /* LaunchScreen.storyboard */,
				95C134042044164400FAB707 /* Info.plist */,
			);
			path = TinkoffChat;
			sourceTree = "<group>";
		};
		95C926562066825A00A044E3 /* objective-c */ = {
			isa = PBXGroup;
			children = (
				957CC57120650CB3003E9D15 /* Themes.h */,
				95B8C9272065656100C1840B /* Themes.m */,
				95ABF0CA205D867A00AFD10C /* ThemesViewController.h */,
				95ABF0CB205D867A00AFD10C /* ThemesViewController.m */,
				957CC5722065101C003E9D15 /* ThemesViewControllerDelegate.h */,
			);
			path = "objective-c";
			sourceTree = "<group>";
		};
		95C926572066828B00A044E3 /* ConversationsList */ = {
			isa = PBXGroup;
			children = (
				95ABED1B2053EC0100F3E7E5 /* ConversationsListViewController.swift */,
			);
			path = ConversationsList;
			sourceTree = "<group>";
		};
/* End PBXGroup section */

/* Begin PBXNativeTarget section */
		95C133F42044164400FAB707 /* TinkoffChat */ = {
			isa = PBXNativeTarget;
			buildConfigurationList = 95C134072044164400FAB707 /* Build configuration list for PBXNativeTarget "TinkoffChat" */;
			buildPhases = (
				95C133F12044164400FAB707 /* Sources */,
				95C133F22044164400FAB707 /* Frameworks */,
				95C133F32044164400FAB707 /* Resources */,
			);
			buildRules = (
			);
			dependencies = (
			);
			name = TinkoffChat;
			productName = TinkoffChat;
			productReference = 95C133F52044164400FAB707 /* TinkoffChat.app */;
			productType = "com.apple.product-type.application";
		};
/* End PBXNativeTarget section */

/* Begin PBXProject section */
		95C133ED2044164400FAB707 /* Project object */ = {
			isa = PBXProject;
			attributes = {
				LastSwiftUpdateCheck = 0920;
				LastUpgradeCheck = 0920;
				ORGANIZATIONNAME = "Анна Лихтарова";
				TargetAttributes = {
					95C133F42044164400FAB707 = {
						CreatedOnToolsVersion = 9.2;
						LastSwiftMigration = 0920;
						ProvisioningStyle = Automatic;
					};
				};
			};
			buildConfigurationList = 95C133F02044164400FAB707 /* Build configuration list for PBXProject "TinkoffChat" */;
			compatibilityVersion = "Xcode 8.0";
			developmentRegion = en;
			hasScannedForEncodings = 0;
			knownRegions = (
				en,
				Base,
			);
			mainGroup = 95C133EC2044164400FAB707;
			productRefGroup = 95C133F62044164400FAB707 /* Products */;
			projectDirPath = "";
			projectRoot = "";
			targets = (
				95C133F42044164400FAB707 /* TinkoffChat */,
			);
		};
/* End PBXProject section */

/* Begin PBXResourcesBuildPhase section */
		95C133F32044164400FAB707 /* Resources */ = {
			isa = PBXResourcesBuildPhase;
			buildActionMask = 2147483647;
			files = (
				95C134032044164400FAB707 /* LaunchScreen.storyboard in Resources */,
				95C134002044164400FAB707 /* Assets.xcassets in Resources */,
				95C133FE2044164400FAB707 /* Main.storyboard in Resources */,
			);
			runOnlyForDeploymentPostprocessing = 0;
		};
/* End PBXResourcesBuildPhase section */

/* Begin PBXSourcesBuildPhase section */
		95C133F12044164400FAB707 /* Sources */ = {
			isa = PBXSourcesBuildPhase;
			buildActionMask = 2147483647;
			files = (
				95C133FB2044164400FAB707 /* ProfileViewController.swift in Sources */,
				95C133F92044164400FAB707 /* AppDelegate.swift in Sources */,
				952C4008205453C30055CE78 /* MessageCellView.swift in Sources */,
				95D8E246206D4F0A00986C4F /* OperationDataManager.swift in Sources */,
				952C40062054528B0055CE78 /* ConversationViewController.swift in Sources */,
				95B8C930206575A600C1840B /* ThemesViewController.swift in Sources */,
				95B8C932206575D000C1840B /* ThemesSwift.swift in Sources */,
				95878B8C206951BD008D8983 /* GCDDataManager.swift in Sources */,
				95ABED1C2053EC0100F3E7E5 /* ConversationsListViewController.swift in Sources */,
				95ABED1E2053F1C000F3E7E5 /* ConversationCellView.swift in Sources */,
				95B8C9282065656100C1840B /* Themes.m in Sources */,
				952DA21E206C47E4004486A9 /* DataManagerProtocol.swift in Sources */,
				95ABF0CC205D867A00AFD10C /* ThemesViewController.m in Sources */,
				95D8E248206D55DD00986C4F /* AsyncOperation.swift in Sources */,
				95F3261420567F9B0009FD9F /* MessageShapeView.swift in Sources */,
			);
			runOnlyForDeploymentPostprocessing = 0;
		};
/* End PBXSourcesBuildPhase section */

/* Begin PBXVariantGroup section */
		95C133FC2044164400FAB707 /* Main.storyboard */ = {
			isa = PBXVariantGroup;
			children = (
				95C133FD2044164400FAB707 /* Base */,
			);
			name = Main.storyboard;
			sourceTree = "<group>";
		};
		95C134012044164400FAB707 /* LaunchScreen.storyboard */ = {
			isa = PBXVariantGroup;
			children = (
				95C134022044164400FAB707 /* Base */,
			);
			name = LaunchScreen.storyboard;
			sourceTree = "<group>";
		};
/* End PBXVariantGroup section */

/* Begin XCBuildConfiguration section */
		95C134052044164400FAB707 /* Debug */ = {
			isa = XCBuildConfiguration;
			buildSettings = {
				ALWAYS_SEARCH_USER_PATHS = NO;
				CLANG_ANALYZER_NONNULL = YES;
				CLANG_ANALYZER_NUMBER_OBJECT_CONVERSION = YES_AGGRESSIVE;
				CLANG_CXX_LANGUAGE_STANDARD = "gnu++14";
				CLANG_CXX_LIBRARY = "libc++";
				CLANG_ENABLE_MODULES = YES;
				CLANG_ENABLE_OBJC_ARC = YES;
				CLANG_WARN_BLOCK_CAPTURE_AUTORELEASING = YES;
				CLANG_WARN_BOOL_CONVERSION = YES;
				CLANG_WARN_COMMA = YES;
				CLANG_WARN_CONSTANT_CONVERSION = YES;
				CLANG_WARN_DIRECT_OBJC_ISA_USAGE = YES_ERROR;
				CLANG_WARN_DOCUMENTATION_COMMENTS = YES;
				CLANG_WARN_EMPTY_BODY = YES;
				CLANG_WARN_ENUM_CONVERSION = YES;
				CLANG_WARN_INFINITE_RECURSION = YES;
				CLANG_WARN_INT_CONVERSION = YES;
				CLANG_WARN_NON_LITERAL_NULL_CONVERSION = YES;
				CLANG_WARN_OBJC_LITERAL_CONVERSION = YES;
				CLANG_WARN_OBJC_ROOT_CLASS = YES_ERROR;
				CLANG_WARN_RANGE_LOOP_ANALYSIS = YES;
				CLANG_WARN_STRICT_PROTOTYPES = YES;
				CLANG_WARN_SUSPICIOUS_MOVE = YES;
				CLANG_WARN_UNGUARDED_AVAILABILITY = YES_AGGRESSIVE;
				CLANG_WARN_UNREACHABLE_CODE = YES;
				CLANG_WARN__DUPLICATE_METHOD_MATCH = YES;
				CODE_SIGN_IDENTITY = "iPhone Developer";
				COPY_PHASE_STRIP = NO;
				DEBUG_INFORMATION_FORMAT = dwarf;
				ENABLE_STRICT_OBJC_MSGSEND = YES;
				ENABLE_TESTABILITY = YES;
				GCC_C_LANGUAGE_STANDARD = gnu11;
				GCC_DYNAMIC_NO_PIC = NO;
				GCC_NO_COMMON_BLOCKS = YES;
				GCC_OPTIMIZATION_LEVEL = 0;
				GCC_PREPROCESSOR_DEFINITIONS = (
					"DEBUG=1",
					"$(inherited)",
				);
				GCC_WARN_64_TO_32_BIT_CONVERSION = YES;
				GCC_WARN_ABOUT_RETURN_TYPE = YES_ERROR;
				GCC_WARN_UNDECLARED_SELECTOR = YES;
				GCC_WARN_UNINITIALIZED_AUTOS = YES_AGGRESSIVE;
				GCC_WARN_UNUSED_FUNCTION = YES;
				GCC_WARN_UNUSED_VARIABLE = YES;
				IPHONEOS_DEPLOYMENT_TARGET = 11.2;
				MTL_ENABLE_DEBUG_INFO = YES;
				ONLY_ACTIVE_ARCH = YES;
				SDKROOT = iphoneos;
				SWIFT_ACTIVE_COMPILATION_CONDITIONS = DEBUG;
				SWIFT_OPTIMIZATION_LEVEL = "-Onone";
			};
			name = Debug;
		};
		95C134062044164400FAB707 /* Release */ = {
			isa = XCBuildConfiguration;
			buildSettings = {
				ALWAYS_SEARCH_USER_PATHS = NO;
				CLANG_ANALYZER_NONNULL = YES;
				CLANG_ANALYZER_NUMBER_OBJECT_CONVERSION = YES_AGGRESSIVE;
				CLANG_CXX_LANGUAGE_STANDARD = "gnu++14";
				CLANG_CXX_LIBRARY = "libc++";
				CLANG_ENABLE_MODULES = YES;
				CLANG_ENABLE_OBJC_ARC = YES;
				CLANG_WARN_BLOCK_CAPTURE_AUTORELEASING = YES;
				CLANG_WARN_BOOL_CONVERSION = YES;
				CLANG_WARN_COMMA = YES;
				CLANG_WARN_CONSTANT_CONVERSION = YES;
				CLANG_WARN_DIRECT_OBJC_ISA_USAGE = YES_ERROR;
				CLANG_WARN_DOCUMENTATION_COMMENTS = YES;
				CLANG_WARN_EMPTY_BODY = YES;
				CLANG_WARN_ENUM_CONVERSION = YES;
				CLANG_WARN_INFINITE_RECURSION = YES;
				CLANG_WARN_INT_CONVERSION = YES;
				CLANG_WARN_NON_LITERAL_NULL_CONVERSION = YES;
				CLANG_WARN_OBJC_LITERAL_CONVERSION = YES;
				CLANG_WARN_OBJC_ROOT_CLASS = YES_ERROR;
				CLANG_WARN_RANGE_LOOP_ANALYSIS = YES;
				CLANG_WARN_STRICT_PROTOTYPES = YES;
				CLANG_WARN_SUSPICIOUS_MOVE = YES;
				CLANG_WARN_UNGUARDED_AVAILABILITY = YES_AGGRESSIVE;
				CLANG_WARN_UNREACHABLE_CODE = YES;
				CLANG_WARN__DUPLICATE_METHOD_MATCH = YES;
				CODE_SIGN_IDENTITY = "iPhone Developer";
				COPY_PHASE_STRIP = NO;
				DEBUG_INFORMATION_FORMAT = "dwarf-with-dsym";
				ENABLE_NS_ASSERTIONS = NO;
				ENABLE_STRICT_OBJC_MSGSEND = YES;
				GCC_C_LANGUAGE_STANDARD = gnu11;
				GCC_NO_COMMON_BLOCKS = YES;
				GCC_WARN_64_TO_32_BIT_CONVERSION = YES;
				GCC_WARN_ABOUT_RETURN_TYPE = YES_ERROR;
				GCC_WARN_UNDECLARED_SELECTOR = YES;
				GCC_WARN_UNINITIALIZED_AUTOS = YES_AGGRESSIVE;
				GCC_WARN_UNUSED_FUNCTION = YES;
				GCC_WARN_UNUSED_VARIABLE = YES;
				IPHONEOS_DEPLOYMENT_TARGET = 11.2;
				MTL_ENABLE_DEBUG_INFO = NO;
				SDKROOT = iphoneos;
				SWIFT_OPTIMIZATION_LEVEL = "-Owholemodule";
				VALIDATE_PRODUCT = YES;
			};
			name = Release;
		};
		95C134082044164400FAB707 /* Debug */ = {
			isa = XCBuildConfiguration;
			buildSettings = {
				ASSETCATALOG_COMPILER_APPICON_NAME = AppIcon;
				CLANG_ENABLE_MODULES = YES;
				CLANG_ENABLE_OBJC_ARC = NO;
				CODE_SIGN_STYLE = Automatic;
				DEVELOPMENT_TEAM = 4E96C4KH82;
				INFOPLIST_FILE = TinkoffChat/Info.plist;
				LD_RUNPATH_SEARCH_PATHS = "$(inherited) @executable_path/Frameworks";
				PRODUCT_BUNDLE_IDENTIFIER = ru.annalikhtarova.TinkoffChat;
				PRODUCT_NAME = "$(TARGET_NAME)";
				SWIFT_OBJC_BRIDGING_HEADER = "TinkoffChat-Bridging-Header.h";
				SWIFT_OPTIMIZATION_LEVEL = "-Onone";
				SWIFT_VERSION = 4.0;
				TARGETED_DEVICE_FAMILY = "1,2";
			};
			name = Debug;
		};
		95C134092044164400FAB707 /* Release */ = {
			isa = XCBuildConfiguration;
			buildSettings = {
				ASSETCATALOG_COMPILER_APPICON_NAME = AppIcon;
				CLANG_ENABLE_MODULES = YES;
				CLANG_ENABLE_OBJC_ARC = NO;
				CODE_SIGN_STYLE = Automatic;
				DEVELOPMENT_TEAM = 4E96C4KH82;
				INFOPLIST_FILE = TinkoffChat/Info.plist;
				LD_RUNPATH_SEARCH_PATHS = "$(inherited) @executable_path/Frameworks";
				PRODUCT_BUNDLE_IDENTIFIER = ru.annalikhtarova.TinkoffChat;
				PRODUCT_NAME = "$(TARGET_NAME)";
				SWIFT_OBJC_BRIDGING_HEADER = "TinkoffChat-Bridging-Header.h";
				SWIFT_VERSION = 4.0;
				TARGETED_DEVICE_FAMILY = "1,2";
			};
			name = Release;
		};
/* End XCBuildConfiguration section */

/* Begin XCConfigurationList section */
		95C133F02044164400FAB707 /* Build configuration list for PBXProject "TinkoffChat" */ = {
			isa = XCConfigurationList;
			buildConfigurations = (
				95C134052044164400FAB707 /* Debug */,
				95C134062044164400FAB707 /* Release */,
			);
			defaultConfigurationIsVisible = 0;
			defaultConfigurationName = Release;
		};
		95C134072044164400FAB707 /* Build configuration list for PBXNativeTarget "TinkoffChat" */ = {
			isa = XCConfigurationList;
			buildConfigurations = (
				95C134082044164400FAB707 /* Debug */,
				95C134092044164400FAB707 /* Release */,
			);
			defaultConfigurationIsVisible = 0;
			defaultConfigurationName = Release;
		};
/* End XCConfigurationList section */
	};
	rootObject = 95C133ED2044164400FAB707 /* Project object */;
}
